
Microsoft Visual Studio Solution File, Format Version 12.00
# Visual Studio Version 17
VisualStudioVersion = 17.5.33424.131
MinimumVisualStudioVersion = 10.0.40219.1
Project("{FAE04EC0-301F-11D3-BF4B-00C04F79EFBC}") = "03-Jeux-de-math", "03-Jeux-de-math\03-Jeux-de-math.csproj", "{96A53CD8-945A-4E65-8C7E-648EA7BC14F1}"
EndProject
Global
	GlobalSection(SolutionConfigurationPlatforms) = preSolution
		Debug|Any CPU = Debug|Any CPU
		Release|Any CPU = Release|Any CPU
	EndGlobalSection
	GlobalSection(ProjectConfigurationPlatforms) = postSolution
		{96A53CD8-945A-4E65-8C7E-648EA7BC14F1}.Debug|Any CPU.ActiveCfg = Debug|Any CPU
		{96A53CD8-945A-4E65-8C7E-648EA7BC14F1}.Debug|Any CPU.Build.0 = Debug|Any CPU
		{96A53CD8-945A-4E65-8C7E-648EA7BC14F1}.Release|Any CPU.ActiveCfg = Release|Any CPU
		{96A53CD8-945A-4E65-8C7E-648EA7BC14F1}.Release|Any CPU.Build.0 = Release|Any CPU
	EndGlobalSection
	GlobalSection(SolutionProperties) = preSolution
		HideSolutionNode = FALSE
	EndGlobalSection
	GlobalSection(ExtensibilityGlobals) = postSolution
		SolutionGuid = {06F3F6D6-F522-48AE-A110-D7A965A0C84B}
	EndGlobalSection
EndGlobal
